{
  "pins" : [
    {
      "identity" : "swoircore",
      "kind" : "remoteSourceControl",
      "location" : "https://github.com/Swoir/SwoirCore.git",
      "state" : {
        "revision" : "fb88807fd62dc9143dfac90e81442dd1e64e5a30",
        "version" : "0.11.0"
      }
    },
    {
      "identity" : "swoirenberg",
      "kind" : "remoteSourceControl",
      "location" : "https://github.com/Swoir/Swoirenberg.git",
      "state" : {
        "revision" : "65485cef0e6b6e0b36fcfd166ae367c142025dc8",
        "version" : "1.0.0-beta.19-4"
      }
    }
  ],
  "version" : 2
}
