{
  "pins" : [
    {
      "identity" : "swoircore",
      "kind" : "remoteSourceControl",
      "location" : "https://github.com/Swoir/SwoirCore.git",
      "state" : {
        "revision" : "fb88807fd62dc9143dfac90e81442dd1e64e5a30",
        "version" : "0.11.0"
      }
    },
    {
      "identity" : "swoirenberg",
      "kind" : "remoteSourceControl",
      "location" : "https://github.com/Swoir/Swoirenberg.git",
      "state" : {
        "revision" : "87184069bc17180b77f8df2e2ef9fedb7f47c375",
        "version" : "1.0.0-beta.14-1"
      }
    }
  ],
  "version" : 2
}
