{
  "pins" : [
    {
      "identity" : "swoircore",
      "kind" : "remoteSourceControl",
      "location" : "https://github.com/Swoir/SwoirCore.git",
      "state" : {
        "revision" : "ad7e3d5c33366d045152b1f785c7f02f8e523a03",
        "version" : "0.7.1"
      }
    },
    {
      "identity" : "swoirenberg",
      "kind" : "remoteSourceControl",
      "location" : "https://github.com/Swoir/Swoirenberg.git",
      "state" : {
        "revision" : "f8953b34795c618d9b6d078246bcc8b94156e48d",
        "version" : "1.0.0-beta.3-2"
      }
    }
  ],
  "version" : 2
}
